
Microsoft Visual Studio Solution File, Format Version 12.00
# Visual Studio Version 17
VisualStudioVersion = 17.10.34928.147
MinimumVisualStudioVersion = 10.0.40219.1
Project("{FAE04EC0-301F-11D3-BF4B-00C04F79EFBC}") = "Banque", "Banque\Banque.csproj", "{5607BA71-66FD-4FD5-B259-797F5A530199}"
EndProject
Project("{FAE04EC0-301F-11D3-BF4B-00C04F79EFBC}") = "Banque.Modeles", "Banque.Modeles\Banque.Modeles.csproj", "{01256009-4306-4D84-ABB8-157AA235B49A}"
EndProject
Global
	GlobalSection(SolutionConfigurationPlatforms) = preSolution
		Debug|Any CPU = Debug|Any CPU
		Release|Any CPU = Release|Any CPU
	EndGlobalSection
	GlobalSection(ProjectConfigurationPlatforms) = postSolution
		{5607BA71-66FD-4FD5-B259-797F5A530199}.Debug|Any CPU.ActiveCfg = Debug|Any CPU
		{5607BA71-66FD-4FD5-B259-797F5A530199}.Debug|Any CPU.Build.0 = Debug|Any CPU
		{5607BA71-66FD-4FD5-B259-797F5A530199}.Release|Any CPU.ActiveCfg = Release|Any CPU
		{5607BA71-66FD-4FD5-B259-797F5A530199}.Release|Any CPU.Build.0 = Release|Any CPU
		{01256009-4306-4D84-ABB8-157AA235B49A}.Debug|Any CPU.ActiveCfg = Debug|Any CPU
		{01256009-4306-4D84-ABB8-157AA235B49A}.Debug|Any CPU.Build.0 = Debug|Any CPU
		{01256009-4306-4D84-ABB8-157AA235B49A}.Release|Any CPU.ActiveCfg = Release|Any CPU
		{01256009-4306-4D84-ABB8-157AA235B49A}.Release|Any CPU.Build.0 = Release|Any CPU
	EndGlobalSection
	GlobalSection(SolutionProperties) = preSolution
		HideSolutionNode = FALSE
	EndGlobalSection
	GlobalSection(ExtensibilityGlobals) = postSolution
		SolutionGuid = {C0B8884B-CE32-4737-9F6F-4CF85678B725}
	EndGlobalSection
EndGlobal
